
Microsoft Visual Studio Solution File, Format Version 12.00
# Visual Studio Version 16
VisualStudioVersion = 16.0.29009.5
MinimumVisualStudioVersion = 10.0.40219.1
Project("{FAE04EC0-301F-11D3-BF4B-00C04F79EFBC}") = "01_WPF_Controls_1", "01_WPF_Controls_1\01_WPF_Controls_1.csproj", "{CEC23991-D520-4FB5-A61A-13E5120FF833}"
EndProject
Global
	GlobalSection(SolutionConfigurationPlatforms) = preSolution
		Debug|Any CPU = Debug|Any CPU
		Release|Any CPU = Release|Any CPU
	EndGlobalSection
	GlobalSection(ProjectConfigurationPlatforms) = postSolution
		{CEC23991-D520-4FB5-A61A-13E5120FF833}.Debug|Any CPU.ActiveCfg = Debug|Any CPU
		{CEC23991-D520-4FB5-A61A-13E5120FF833}.Debug|Any CPU.Build.0 = Debug|Any CPU
		{CEC23991-D520-4FB5-A61A-13E5120FF833}.Release|Any CPU.ActiveCfg = Release|Any CPU
		{CEC23991-D520-4FB5-A61A-13E5120FF833}.Release|Any CPU.Build.0 = Release|Any CPU
	EndGlobalSection
	GlobalSection(SolutionProperties) = preSolution
		HideSolutionNode = FALSE
	EndGlobalSection
	GlobalSection(ExtensibilityGlobals) = postSolution
		SolutionGuid = {CEF2963F-B609-43D9-A37B-B9CACFC2D5CD}
	EndGlobalSection
EndGlobal
